
Microsoft Visual Studio Solution File, Format Version 12.00
# Visual Studio Version 17
VisualStudioVersion = 17.9.34622.214
MinimumVisualStudioVersion = 10.0.40219.1
Project("{FAE04EC0-301F-11D3-BF4B-00C04F79EFBC}") = "AliasMethod", "AliasMethod.csproj", "{0BDB6B14-06F8-44D4-A33C-EE306EF2D1BD}"
EndProject
Global
	GlobalSection(SolutionConfigurationPlatforms) = preSolution
		Debug|Any CPU = Debug|Any CPU
		Release|Any CPU = Release|Any CPU
	EndGlobalSection
	GlobalSection(ProjectConfigurationPlatforms) = postSolution
		{0BDB6B14-06F8-44D4-A33C-EE306EF2D1BD}.Debug|Any CPU.ActiveCfg = Debug|Any CPU
		{0BDB6B14-06F8-44D4-A33C-EE306EF2D1BD}.Debug|Any CPU.Build.0 = Debug|Any CPU
		{0BDB6B14-06F8-44D4-A33C-EE306EF2D1BD}.Release|Any CPU.ActiveCfg = Release|Any CPU
		{0BDB6B14-06F8-44D4-A33C-EE306EF2D1BD}.Release|Any CPU.Build.0 = Release|Any CPU
	EndGlobalSection
	GlobalSection(SolutionProperties) = preSolution
		HideSolutionNode = FALSE
	EndGlobalSection
	GlobalSection(ExtensibilityGlobals) = postSolution
		SolutionGuid = {EDF06078-97E4-4C4A-9534-1381DAA16F24}
	EndGlobalSection
EndGlobal
